
Microsoft Visual Studio Solution File, Format Version 12.00
# Visual Studio 2015
Project("{FAE04EC0-301F-11D3-BF4B-00C04F79EFBC}") = "2DTestBed", "2DTestBed.csproj", "{F00C2EE9-F747-1F4F-A4F3-1FF5F7668DBF}"
EndProject
Global
	GlobalSection(SolutionConfigurationPlatforms) = preSolution
		Debug|Any CPU = Debug|Any CPU
		Release|Any CPU = Release|Any CPU
	EndGlobalSection
	GlobalSection(ProjectConfigurationPlatforms) = postSolution
		{F00C2EE9-F747-1F4F-A4F3-1FF5F7668DBF}.Debug|Any CPU.ActiveCfg = Debug|Any CPU
		{F00C2EE9-F747-1F4F-A4F3-1FF5F7668DBF}.Debug|Any CPU.Build.0 = Debug|Any CPU
		{F00C2EE9-F747-1F4F-A4F3-1FF5F7668DBF}.Release|Any CPU.ActiveCfg = Release|Any CPU
		{F00C2EE9-F747-1F4F-A4F3-1FF5F7668DBF}.Release|Any CPU.Build.0 = Release|Any CPU
	EndGlobalSection
	GlobalSection(SolutionProperties) = preSolution
		HideSolutionNode = FALSE
	EndGlobalSection
EndGlobal
